
Microsoft Visual Studio Solution File, Format Version 12.00
# Visual Studio Version 16
VisualStudioVersion = 16.0.30011.22
MinimumVisualStudioVersion = 10.0.40219.1
Project("{FAE04EC0-301F-11D3-BF4B-00C04F79EFBC}") = "bike-rent", "bike-rent\bike-rent.csproj", "{754221C5-F95D-483F-95AA-5791D261C2A1}"
EndProject
Project("{FAE04EC0-301F-11D3-BF4B-00C04F79EFBC}") = "bike-rent.DLL", "bike-rent.DLL\bike-rent.DLL.csproj", "{1FBFC4F8-3E9D-45A2-8262-E79925F03F3B}"
EndProject
Project("{FAE04EC0-301F-11D3-BF4B-00C04F79EFBC}") = "bike-rent.BAL", "bike-rent.BAL\bike-rent.BAL.csproj", "{5A987E34-E934-4656-8F7A-92F5FFAAB34B}"
EndProject
Global
	GlobalSection(SolutionConfigurationPlatforms) = preSolution
		Debug|Any CPU = Debug|Any CPU
		Release|Any CPU = Release|Any CPU
	EndGlobalSection
	GlobalSection(ProjectConfigurationPlatforms) = postSolution
		{754221C5-F95D-483F-95AA-5791D261C2A1}.Debug|Any CPU.ActiveCfg = Debug|Any CPU
		{754221C5-F95D-483F-95AA-5791D261C2A1}.Debug|Any CPU.Build.0 = Debug|Any CPU
		{754221C5-F95D-483F-95AA-5791D261C2A1}.Release|Any CPU.ActiveCfg = Release|Any CPU
		{754221C5-F95D-483F-95AA-5791D261C2A1}.Release|Any CPU.Build.0 = Release|Any CPU
		{1FBFC4F8-3E9D-45A2-8262-E79925F03F3B}.Debug|Any CPU.ActiveCfg = Debug|Any CPU
		{1FBFC4F8-3E9D-45A2-8262-E79925F03F3B}.Debug|Any CPU.Build.0 = Debug|Any CPU
		{1FBFC4F8-3E9D-45A2-8262-E79925F03F3B}.Release|Any CPU.ActiveCfg = Release|Any CPU
		{1FBFC4F8-3E9D-45A2-8262-E79925F03F3B}.Release|Any CPU.Build.0 = Release|Any CPU
		{5A987E34-E934-4656-8F7A-92F5FFAAB34B}.Debug|Any CPU.ActiveCfg = Debug|Any CPU
		{5A987E34-E934-4656-8F7A-92F5FFAAB34B}.Debug|Any CPU.Build.0 = Debug|Any CPU
		{5A987E34-E934-4656-8F7A-92F5FFAAB34B}.Release|Any CPU.ActiveCfg = Release|Any CPU
		{5A987E34-E934-4656-8F7A-92F5FFAAB34B}.Release|Any CPU.Build.0 = Release|Any CPU
	EndGlobalSection
	GlobalSection(SolutionProperties) = preSolution
		HideSolutionNode = FALSE
	EndGlobalSection
	GlobalSection(ExtensibilityGlobals) = postSolution
		SolutionGuid = {BB428B37-0AF5-4DE4-8618-624597B6A84F}
	EndGlobalSection
EndGlobal
